{
  "name": "dashboard_plug",
  "lockfileVersion": 2,
  "requires": true,
  "packages": {
    "": {
      "name": "dashboard_plug",
      "dependencies": {
        "rails-ujs": "^5.2.8-1",
        "yarn": "^1.22.19"
      }
    },
    "node_modules/rails-ujs": {
      "version": "5.2.8-1",
      "resolved": "https://registry.npmjs.org/rails-ujs/-/rails-ujs-5.2.8-1.tgz",
      "integrity": "sha512-1Xfgv21r3Ira7sgepnvLD546q8hm/uIokK7Ocoi4uLsXkT0HHg8vJaxKfBqbjdb24YeOGBily+jxfcAle7dMWA=="
    },
    "node_modules/yarn": {
      "version": "1.22.19",
      "resolved": "https://registry.npmjs.org/yarn/-/yarn-1.22.19.tgz",
      "integrity": "sha512-/0V5q0WbslqnwP91tirOvldvYISzaqhClxzyUKXYxs07yUILIs5jx/k6CFe8bvKSkds5w+eiOqta39Wk3WxdcQ==",
      "hasInstallScript": true,
      "bin": {
        "yarn": "bin/yarn.js",
        "yarnpkg": "bin/yarn.js"
      },
      "engines": {
        "node": ">=4.0.0"
      }
    }
  },
  "dependencies": {
    "rails-ujs": {
      "version": "5.2.8-1",
      "resolved": "https://registry.npmjs.org/rails-ujs/-/rails-ujs-5.2.8-1.tgz",
      "integrity": "sha512-1Xfgv21r3Ira7sgepnvLD546q8hm/uIokK7Ocoi4uLsXkT0HHg8vJaxKfBqbjdb24YeOGBily+jxfcAle7dMWA=="
    },
    "yarn": {
      "version": "1.22.19",
      "resolved": "https://registry.npmjs.org/yarn/-/yarn-1.22.19.tgz",
      "integrity": "sha512-/0V5q0WbslqnwP91tirOvldvYISzaqhClxzyUKXYxs07yUILIs5jx/k6CFe8bvKSkds5w+eiOqta39Wk3WxdcQ=="
    }
  }
}
