# THIS IS AN AUTOGENERATED FILE. DO NOT EDIT THIS FILE DIRECTLY.
# yarn lockfile v1


"rails-ujs@^5.2.8-1":
  "integrity" "sha512-1Xfgv21r3Ira7sgepnvLD546q8hm/uIokK7Ocoi4uLsXkT0HHg8vJaxKfBqbjdb24YeOGBily+jxfcAle7dMWA=="
  "resolved" "https://registry.npmjs.org/rails-ujs/-/rails-ujs-5.2.8-1.tgz"
  "version" "5.2.8-1"

"yarn@^1.22.19":
  "integrity" "sha512-/0V5q0WbslqnwP91tirOvldvYISzaqhClxzyUKXYxs07yUILIs5jx/k6CFe8bvKSkds5w+eiOqta39Wk3WxdcQ=="
  "resolved" "https://registry.npmjs.org/yarn/-/yarn-1.22.19.tgz"
  "version" "1.22.19"
